{
  "requires": true,
  "lockfileVersion": 1,
  "dependencies": {
    "@types/google-apps-script": {
      "version": "1.0.57",
      "resolved": "https://registry.npmjs.org/@types/google-apps-script/-/google-apps-script-1.0.57.tgz",
      "integrity": "sha512-w06Yoh+SamGpS2kGVlGy/5JkmFkLrW6u3tbglyHEu9uC9lrzqr6FyLcgVsL95Tmq9L0q//D8seqd4GZGRPPKUw=="
    }
  }
}
